
Microsoft Visual Studio Solution File, Format Version 12.00
# Visual Studio 15
VisualStudioVersion = 15.0.27004.2009
MinimumVisualStudioVersion = 10.0.40219.1
Project("{FAE04EC0-301F-11D3-BF4B-00C04F79EFBC}") = "BookRentalComp586", "BookRentalComp586\BookRentalComp586.csproj", "{A39DA78B-F015-4FF7-9202-3C0239EC8A37}"
EndProject
Global
	GlobalSection(SolutionConfigurationPlatforms) = preSolution
		Debug|Any CPU = Debug|Any CPU
		Release|Any CPU = Release|Any CPU
	EndGlobalSection
	GlobalSection(ProjectConfigurationPlatforms) = postSolution
		{A39DA78B-F015-4FF7-9202-3C0239EC8A37}.Debug|Any CPU.ActiveCfg = Debug|Any CPU
		{A39DA78B-F015-4FF7-9202-3C0239EC8A37}.Debug|Any CPU.Build.0 = Debug|Any CPU
		{A39DA78B-F015-4FF7-9202-3C0239EC8A37}.Release|Any CPU.ActiveCfg = Release|Any CPU
		{A39DA78B-F015-4FF7-9202-3C0239EC8A37}.Release|Any CPU.Build.0 = Release|Any CPU
	EndGlobalSection
	GlobalSection(SolutionProperties) = preSolution
		HideSolutionNode = FALSE
	EndGlobalSection
	GlobalSection(ExtensibilityGlobals) = postSolution
		SolutionGuid = {F8C11784-8A56-43BA-98CB-52F053597815}
	EndGlobalSection
EndGlobal
